
Microsoft Visual Studio Solution File, Format Version 12.00
# Visual Studio 15
VisualStudioVersion = 15.0.28307.572
MinimumVisualStudioVersion = 10.0.40219.1
Project("{FAE04EC0-301F-11D3-BF4B-00C04F79EFBC}") = "KD_Category_CRUD", "KD_Category_CRUD\KD_Category_CRUD.csproj", "{E003E5EE-5D58-46AE-B9DE-D218E56F16EA}"
EndProject
Global
	GlobalSection(SolutionConfigurationPlatforms) = preSolution
		Debug|Any CPU = Debug|Any CPU
		Release|Any CPU = Release|Any CPU
	EndGlobalSection
	GlobalSection(ProjectConfigurationPlatforms) = postSolution
		{E003E5EE-5D58-46AE-B9DE-D218E56F16EA}.Debug|Any CPU.ActiveCfg = Debug|Any CPU
		{E003E5EE-5D58-46AE-B9DE-D218E56F16EA}.Debug|Any CPU.Build.0 = Debug|Any CPU
		{E003E5EE-5D58-46AE-B9DE-D218E56F16EA}.Release|Any CPU.ActiveCfg = Release|Any CPU
		{E003E5EE-5D58-46AE-B9DE-D218E56F16EA}.Release|Any CPU.Build.0 = Release|Any CPU
	EndGlobalSection
	GlobalSection(SolutionProperties) = preSolution
		HideSolutionNode = FALSE
	EndGlobalSection
	GlobalSection(ExtensibilityGlobals) = postSolution
		SolutionGuid = {C07A1C7E-BAE5-419C-B1AC-82C80A752C18}
	EndGlobalSection
EndGlobal
